// !$*UTF8*$!
{
	archiveVersion = 1;
	classes = {
	};
	objectVersion = 56;
	objects = {

/* Begin PBXBuildFile section */
		6391DEBD296D52F6006BBBA1 /* MapAppApp.swift in Sources */ = {isa = PBXBuildFile; fileRef = 6391DEBC296D52F6006BBBA1 /* MapAppApp.swift */; };
		6391DEBF296D52F6006BBBA1 /* ContentView.swift in Sources */ = {isa = PBXBuildFile; fileRef = 6391DEBE296D52F6006BBBA1 /* ContentView.swift */; };
		6391DEC1296D52F7006BBBA1 /* Assets.xcassets in Resources */ = {isa = PBXBuildFile; fileRef = 6391DEC0296D52F7006BBBA1 /* Assets.xcassets */; };
		6391DEC4296D52F7006BBBA1 /* Preview Assets.xcassets in Resources */ = {isa = PBXBuildFile; fileRef = 6391DEC3296D52F7006BBBA1 /* Preview Assets.xcassets */; };
		6391DECE296D52F7006BBBA1 /* MapAppTests.swift in Sources */ = {isa = PBXBuildFile; fileRef = 6391DECD296D52F7006BBBA1 /* MapAppTests.swift */; };
		6391DED8296D52F7006BBBA1 /* MapAppUITests.swift in Sources */ = {isa = PBXBuildFile; fileRef = 6391DED7296D52F7006BBBA1 /* MapAppUITests.swift */; };
		6391DEDA296D52F7006BBBA1 /* MapAppUITestsLaunchTests.swift in Sources */ = {isa = PBXBuildFile; fileRef = 6391DED9296D52F7006BBBA1 /* MapAppUITestsLaunchTests.swift */; };
		6391DEE7296D6108006BBBA1 /* Place.swift in Sources */ = {isa = PBXBuildFile; fileRef = 6391DEE6296D6108006BBBA1 /* Place.swift */; };
		6391DEE9296D6D9E006BBBA1 /* LocationManager.swift in Sources */ = {isa = PBXBuildFile; fileRef = 6391DEE8296D6D9E006BBBA1 /* LocationManager.swift */; };
/* End PBXBuildFile section */

/* Begin PBXContainerItemProxy section */
		6391DECA296D52F7006BBBA1 /* PBXContainerItemProxy */ = {
			isa = PBXContainerItemProxy;
			containerPortal = 6391DEB1296D52F6006BBBA1 /* Project object */;
			proxyType = 1;
			remoteGlobalIDString = 6391DEB8296D52F6006BBBA1;
			remoteInfo = MapApp;
		};
		6391DED4296D52F7006BBBA1 /* PBXContainerItemProxy */ = {
			isa = PBXContainerItemProxy;
			containerPortal = 6391DEB1296D52F6006BBBA1 /* Project object */;
			proxyType = 1;
			remoteGlobalIDString = 6391DEB8296D52F6006BBBA1;
			remoteInfo = MapApp;
		};
/* End PBXContainerItemProxy section */

/* Begin PBXFileReference section */
		6391DEB9296D52F6006BBBA1 /* MapApp.app */ = {isa = PBXFileReference; explicitFileType = wrapper.application; includeInIndex = 0; path = MapApp.app; sourceTree = BUILT_PRODUCTS_DIR; };
		6391DEBC296D52F6006BBBA1 /* MapAppApp.swift */ = {isa = PBXFileReference; lastKnownFileType = sourcecode.swift; path = MapAppApp.swift; sourceTree = "<group>"; };
		6391DEBE296D52F6006BBBA1 /* ContentView.swift */ = {isa = PBXFileReference; lastKnownFileType = sourcecode.swift; path = ContentView.swift; sourceTree = "<group>"; };
		6391DEC0296D52F7006BBBA1 /* Assets.xcassets */ = {isa = PBXFileReference; lastKnownFileType = folder.assetcatalog; path = Assets.xcassets; sourceTree = "<group>"; };
		6391DEC3296D52F7006BBBA1 /* Preview Assets.xcassets */ = {isa = PBXFileReference; lastKnownFileType = folder.assetcatalog; path = "Preview Assets.xcassets"; sourceTree = "<group>"; };
		6391DEC9296D52F7006BBBA1 /* MapAppTests.xctest */ = {isa = PBXFileReference; explicitFileType = wrapper.cfbundle; includeInIndex = 0; path = MapAppTests.xctest; sourceTree = BUILT_PRODUCTS_DIR; };
		6391DECD296D52F7006BBBA1 /* MapAppTests.swift */ = {isa = PBXFileReference; lastKnownFileType = sourcecode.swift; path = MapAppTests.swift; sourceTree = "<group>"; };
		6391DED3296D52F7006BBBA1 /* MapAppUITests.xctest */ = {isa = PBXFileReference; explicitFileType = wrapper.cfbundle; includeInIndex = 0; path = MapAppUITests.xctest; sourceTree = BUILT_PRODUCTS_DIR; };
		6391DED7296D52F7006BBBA1 /* MapAppUITests.swift */ = {isa = PBXFileReference; lastKnownFileType = sourcecode.swift; path = MapAppUITests.swift; sourceTree = "<group>"; };
		6391DED9296D52F7006BBBA1 /* MapAppUITestsLaunchTests.swift */ = {isa = PBXFileReference; lastKnownFileType = sourcecode.swift; path = MapAppUITestsLaunchTests.swift; sourceTree = "<group>"; };
		6391DEE6296D6108006BBBA1 /* Place.swift */ = {isa = PBXFileReference; lastKnownFileType = sourcecode.swift; path = Place.swift; sourceTree = "<group>"; };
		6391DEE8296D6D9E006BBBA1 /* LocationManager.swift */ = {isa = PBXFileReference; lastKnownFileType = sourcecode.swift; path = LocationManager.swift; sourceTree = "<group>"; };
/* End PBXFileReference section */

/* Begin PBXFrameworksBuildPhase section */
		6391DEB6296D52F6006BBBA1 /* Frameworks */ = {
			isa = PBXFrameworksBuildPhase;
			buildActionMask = 2147483647;
			files = (
			);
			runOnlyForDeploymentPostprocessing = 0;
		};
		6391DEC6296D52F7006BBBA1 /* Frameworks */ = {
			isa = PBXFrameworksBuildPhase;
			buildActionMask = 2147483647;
			files = (
			);
			runOnlyForDeploymentPostprocessing = 0;
		};
		6391DED0296D52F7006BBBA1 /* Frameworks */ = {
			isa = PBXFrameworksBuildPhase;
			buildActionMask = 2147483647;
			files = (
			);
			runOnlyForDeploymentPostprocessing = 0;
		};
/* End PBXFrameworksBuildPhase section */

/* Begin PBXGroup section */
		6391DEB0296D52F6006BBBA1 = {
			isa = PBXGroup;
			children = (
				6391DEBB296D52F6006BBBA1 /* MapApp */,
				6391DECC296D52F7006BBBA1 /* MapAppTests */,
				6391DED6296D52F7006BBBA1 /* MapAppUITests */,
				6391DEBA296D52F6006BBBA1 /* Products */,
			);
			sourceTree = "<group>";
		};
		6391DEBA296D52F6006BBBA1 /* Products */ = {
			isa = PBXGroup;
			children = (
				6391DEB9296D52F6006BBBA1 /* MapApp.app */,
				6391DEC9296D52F7006BBBA1 /* MapAppTests.xctest */,
				6391DED3296D52F7006BBBA1 /* MapAppUITests.xctest */,
			);
			name = Products;
			sourceTree = "<group>";
		};
		6391DEBB296D52F6006BBBA1 /* MapApp */ = {
			isa = PBXGroup;
			children = (
				6391DEBC296D52F6006BBBA1 /* MapAppApp.swift */,
				6391DEBE296D52F6006BBBA1 /* ContentView.swift */,
				6391DEC0296D52F7006BBBA1 /* Assets.xcassets */,
				6391DEC2296D52F7006BBBA1 /* Preview Content */,
				6391DEE6296D6108006BBBA1 /* Place.swift */,
				6391DEE8296D6D9E006BBBA1 /* LocationManager.swift */,
			);
			path = MapApp;
			sourceTree = "<group>";
		};
		6391DEC2296D52F7006BBBA1 /* Preview Content */ = {
			isa = PBXGroup;
			children = (
				6391DEC3296D52F7006BBBA1 /* Preview Assets.xcassets */,
			);
			path = "Preview Content";
			sourceTree = "<group>";
		};
		6391DECC296D52F7006BBBA1 /* MapAppTests */ = {
			isa = PBXGroup;
			children = (
				6391DECD296D52F7006BBBA1 /* MapAppTests.swift */,
			);
			path = MapAppTests;
			sourceTree = "<group>";
		};
		6391DED6296D52F7006BBBA1 /* MapAppUITests */ = {
			isa = PBXGroup;
			children = (
				6391DED7296D52F7006BBBA1 /* MapAppUITests.swift */,
				6391DED9296D52F7006BBBA1 /* MapAppUITestsLaunchTests.swift */,
			);
			path = MapAppUITests;
			sourceTree = "<group>";
		};
/* End PBXGroup section */

/* Begin PBXNativeTarget section */
		6391DEB8296D52F6006BBBA1 /* MapApp */ = {
			isa = PBXNativeTarget;
			buildConfigurationList = 6391DEDD296D52F7006BBBA1 /* Build configuration list for PBXNativeTarget "MapApp" */;
			buildPhases = (
				6391DEB5296D52F6006BBBA1 /* Sources */,
				6391DEB6296D52F6006BBBA1 /* Frameworks */,
				6391DEB7296D52F6006BBBA1 /* Resources */,
			);
			buildRules = (
			);
			dependencies = (
			);
			name = MapApp;
			productName = MapApp;
			productReference = 6391DEB9296D52F6006BBBA1 /* MapApp.app */;
			productType = "com.apple.product-type.application";
		};
		6391DEC8296D52F7006BBBA1 /* MapAppTests */ = {
			isa = PBXNativeTarget;
			buildConfigurationList = 6391DEE0296D52F7006BBBA1 /* Build configuration list for PBXNativeTarget "MapAppTests" */;
			buildPhases = (
				6391DEC5296D52F7006BBBA1 /* Sources */,
				6391DEC6296D52F7006BBBA1 /* Frameworks */,
				6391DEC7296D52F7006BBBA1 /* Resources */,
			);
			buildRules = (
			);
			dependencies = (
				6391DECB296D52F7006BBBA1 /* PBXTargetDependency */,
			);
			name = MapAppTests;
			productName = MapAppTests;
			productReference = 6391DEC9296D52F7006BBBA1 /* MapAppTests.xctest */;
			productType = "com.apple.product-type.bundle.unit-test";
		};
		6391DED2296D52F7006BBBA1 /* MapAppUITests */ = {
			isa = PBXNativeTarget;
			buildConfigurationList = 6391DEE3296D52F7006BBBA1 /* Build configuration list for PBXNativeTarget "MapAppUITests" */;
			buildPhases = (
				6391DECF296D52F7006BBBA1 /* Sources */,
				6391DED0296D52F7006BBBA1 /* Frameworks */,
				6391DED1296D52F7006BBBA1 /* Resources */,
			);
			buildRules = (
			);
			dependencies = (
				6391DED5296D52F7006BBBA1 /* PBXTargetDependency */,
			);
			name = MapAppUITests;
			productName = MapAppUITests;
			productReference = 6391DED3296D52F7006BBBA1 /* MapAppUITests.xctest */;
			productType = "com.apple.product-type.bundle.ui-testing";
		};
/* End PBXNativeTarget section */

/* Begin PBXProject section */
		6391DEB1296D52F6006BBBA1 /* Project object */ = {
			isa = PBXProject;
			attributes = {
				BuildIndependentTargetsInParallel = 1;
				LastSwiftUpdateCheck = 1420;
				LastUpgradeCheck = 1420;
				TargetAttributes = {
					6391DEB8296D52F6006BBBA1 = {
						CreatedOnToolsVersion = 14.2;
					};
					6391DEC8296D52F7006BBBA1 = {
						CreatedOnToolsVersion = 14.2;
						TestTargetID = 6391DEB8296D52F6006BBBA1;
					};
					6391DED2296D52F7006BBBA1 = {
						CreatedOnToolsVersion = 14.2;
						TestTargetID = 6391DEB8296D52F6006BBBA1;
					};
				};
			};
			buildConfigurationList = 6391DEB4296D52F6006BBBA1 /* Build configuration list for PBXProject "MapApp" */;
			compatibilityVersion = "Xcode 14.0";
			developmentRegion = en;
			hasScannedForEncodings = 0;
			knownRegions = (
				en,
				Base,
			);
			mainGroup = 6391DEB0296D52F6006BBBA1;
			productRefGroup = 6391DEBA296D52F6006BBBA1 /* Products */;
			projectDirPath = "";
			projectRoot = "";
			targets = (
				6391DEB8296D52F6006BBBA1 /* MapApp */,
				6391DEC8296D52F7006BBBA1 /* MapAppTests */,
				6391DED2296D52F7006BBBA1 /* MapAppUITests */,
			);
		};
/* End PBXProject section */

/* Begin PBXResourcesBuildPhase section */
		6391DEB7296D52F6006BBBA1 /* Resources */ = {
			isa = PBXResourcesBuildPhase;
			buildActionMask = 2147483647;
			files = (
				6391DEC4296D52F7006BBBA1 /* Preview Assets.xcassets in Resources */,
				6391DEC1296D52F7006BBBA1 /* Assets.xcassets in Resources */,
			);
			runOnlyForDeploymentPostprocessing = 0;
		};
		6391DEC7296D52F7006BBBA1 /* Resources */ = {
			isa = PBXResourcesBuildPhase;
			buildActionMask = 2147483647;
			files = (
			);
			runOnlyForDeploymentPostprocessing = 0;
		};
		6391DED1296D52F7006BBBA1 /* Resources */ = {
			isa = PBXResourcesBuildPhase;
			buildActionMask = 2147483647;
			files = (
			);
			runOnlyForDeploymentPostprocessing = 0;
		};
/* End PBXResourcesBuildPhase section */

/* Begin PBXSourcesBuildPhase section */
		6391DEB5296D52F6006BBBA1 /* Sources */ = {
			isa = PBXSourcesBuildPhase;
			buildActionMask = 2147483647;
			files = (
				6391DEE9296D6D9E006BBBA1 /* LocationManager.swift in Sources */,
				6391DEE7296D6108006BBBA1 /* Place.swift in Sources */,
				6391DEBF296D52F6006BBBA1 /* ContentView.swift in Sources */,
				6391DEBD296D52F6006BBBA1 /* MapAppApp.swift in Sources */,
			);
			runOnlyForDeploymentPostprocessing = 0;
		};
		6391DEC5296D52F7006BBBA1 /* Sources */ = {
			isa = PBXSourcesBuildPhase;
			buildActionMask = 2147483647;
			files = (
				6391DECE296D52F7006BBBA1 /* MapAppTests.swift in Sources */,
			);
			runOnlyForDeploymentPostprocessing = 0;
		};
		6391DECF296D52F7006BBBA1 /* Sources */ = {
			isa = PBXSourcesBuildPhase;
			buildActionMask = 2147483647;
			files = (
				6391DED8296D52F7006BBBA1 /* MapAppUITests.swift in Sources */,
				6391DEDA296D52F7006BBBA1 /* MapAppUITestsLaunchTests.swift in Sources */,
			);
			runOnlyForDeploymentPostprocessing = 0;
		};
/* End PBXSourcesBuildPhase section */

/* Begin PBXTargetDependency section */
		6391DECB296D52F7006BBBA1 /* PBXTargetDependency */ = {
			isa = PBXTargetDependency;
			target = 6391DEB8296D52F6006BBBA1 /* MapApp */;
			targetProxy = 6391DECA296D52F7006BBBA1 /* PBXContainerItemProxy */;
		};
		6391DED5296D52F7006BBBA1 /* PBXTargetDependency */ = {
			isa = PBXTargetDependency;
			target = 6391DEB8296D52F6006BBBA1 /* MapApp */;
			targetProxy = 6391DED4296D52F7006BBBA1 /* PBXContainerItemProxy */;
		};
/* End PBXTargetDependency section */

/* Begin XCBuildConfiguration section */
		6391DEDB296D52F7006BBBA1 /* Debug */ = {
			isa = XCBuildConfiguration;
			buildSettings = {
				ALWAYS_SEARCH_USER_PATHS = NO;
				CLANG_ANALYZER_NONNULL = YES;
				CLANG_ANALYZER_NUMBER_OBJECT_CONVERSION = YES_AGGRESSIVE;
				CLANG_CXX_LANGUAGE_STANDARD = "gnu++20";
				CLANG_ENABLE_MODULES = YES;
				CLANG_ENABLE_OBJC_ARC = YES;
				CLANG_ENABLE_OBJC_WEAK = YES;
				CLANG_WARN_BLOCK_CAPTURE_AUTORELEASING = YES;
				CLANG_WARN_BOOL_CONVERSION = YES;
				CLANG_WARN_COMMA = YES;
				CLANG_WARN_CONSTANT_CONVERSION = YES;
				CLANG_WARN_DEPRECATED_OBJC_IMPLEMENTATIONS = YES;
				CLANG_WARN_DIRECT_OBJC_ISA_USAGE = YES_ERROR;
				CLANG_WARN_DOCUMENTATION_COMMENTS = YES;
				CLANG_WARN_EMPTY_BODY = YES;
				CLANG_WARN_ENUM_CONVERSION = YES;
				CLANG_WARN_INFINITE_RECURSION = YES;
				CLANG_WARN_INT_CONVERSION = YES;
				CLANG_WARN_NON_LITERAL_NULL_CONVERSION = YES;
				CLANG_WARN_OBJC_IMPLICIT_RETAIN_SELF = YES;
				CLANG_WARN_OBJC_LITERAL_CONVERSION = YES;
				CLANG_WARN_OBJC_ROOT_CLASS = YES_ERROR;
				CLANG_WARN_QUOTED_INCLUDE_IN_FRAMEWORK_HEADER = YES;
				CLANG_WARN_RANGE_LOOP_ANALYSIS = YES;
				CLANG_WARN_STRICT_PROTOTYPES = YES;
				CLANG_WARN_SUSPICIOUS_MOVE = YES;
				CLANG_WARN_UNGUARDED_AVAILABILITY = YES_AGGRESSIVE;
				CLANG_WARN_UNREACHABLE_CODE = YES;
				CLANG_WARN__DUPLICATE_METHOD_MATCH = YES;
				COPY_PHASE_STRIP = NO;
				DEBUG_INFORMATION_FORMAT = dwarf;
				ENABLE_STRICT_OBJC_MSGSEND = YES;
				ENABLE_TESTABILITY = YES;
				GCC_C_LANGUAGE_STANDARD = gnu11;
				GCC_DYNAMIC_NO_PIC = NO;
				GCC_NO_COMMON_BLOCKS = YES;
				GCC_OPTIMIZATION_LEVEL = 0;
				GCC_PREPROCESSOR_DEFINITIONS = (
					"DEBUG=1",
					"$(inherited)",
				);
				GCC_WARN_64_TO_32_BIT_CONVERSION = YES;
				GCC_WARN_ABOUT_RETURN_TYPE = YES_ERROR;
				GCC_WARN_UNDECLARED_SELECTOR = YES;
				GCC_WARN_UNINITIALIZED_AUTOS = YES_AGGRESSIVE;
				GCC_WARN_UNUSED_FUNCTION = YES;
				GCC_WARN_UNUSED_VARIABLE = YES;
				IPHONEOS_DEPLOYMENT_TARGET = 16.2;
				MTL_ENABLE_DEBUG_INFO = INCLUDE_SOURCE;
				MTL_FAST_MATH = YES;
				ONLY_ACTIVE_ARCH = YES;
				SDKROOT = iphoneos;
				SWIFT_ACTIVE_COMPILATION_CONDITIONS = DEBUG;
				SWIFT_OPTIMIZATION_LEVEL = "-Onone";
			};
			name = Debug;
		};
		6391DEDC296D52F7006BBBA1 /* Release */ = {
			isa = XCBuildConfiguration;
			buildSettings = {
				ALWAYS_SEARCH_USER_PATHS = NO;
				CLANG_ANALYZER_NONNULL = YES;
				CLANG_ANALYZER_NUMBER_OBJECT_CONVERSION = YES_AGGRESSIVE;
				CLANG_CXX_LANGUAGE_STANDARD = "gnu++20";
				CLANG_ENABLE_MODULES = YES;
				CLANG_ENABLE_OBJC_ARC = YES;
				CLANG_ENABLE_OBJC_WEAK = YES;
				CLANG_WARN_BLOCK_CAPTURE_AUTORELEASING = YES;
				CLANG_WARN_BOOL_CONVERSION = YES;
				CLANG_WARN_COMMA = YES;
				CLANG_WARN_CONSTANT_CONVERSION = YES;
				CLANG_WARN_DEPRECATED_OBJC_IMPLEMENTATIONS = YES;
				CLANG_WARN_DIRECT_OBJC_ISA_USAGE = YES_ERROR;
				CLANG_WARN_DOCUMENTATION_COMMENTS = YES;
				CLANG_WARN_EMPTY_BODY = YES;
				CLANG_WARN_ENUM_CONVERSION = YES;
				CLANG_WARN_INFINITE_RECURSION = YES;
				CLANG_WARN_INT_CONVERSION = YES;
				CLANG_WARN_NON_LITERAL_NULL_CONVERSION = YES;
				CLANG_WARN_OBJC_IMPLICIT_RETAIN_SELF = YES;
				CLANG_WARN_OBJC_LITERAL_CONVERSION = YES;
				CLANG_WARN_OBJC_ROOT_CLASS = YES_ERROR;
				CLANG_WARN_QUOTED_INCLUDE_IN_FRAMEWORK_HEADER = YES;
				CLANG_WARN_RANGE_LOOP_ANALYSIS = YES;
				CLANG_WARN_STRICT_PROTOTYPES = YES;
				CLANG_WARN_SUSPICIOUS_MOVE = YES;
				CLANG_WARN_UNGUARDED_AVAILABILITY = YES_AGGRESSIVE;
				CLANG_WARN_UNREACHABLE_CODE = YES;
				CLANG_WARN__DUPLICATE_METHOD_MATCH = YES;
				COPY_PHASE_STRIP = NO;
				DEBUG_INFORMATION_FORMAT = "dwarf-with-dsym";
				ENABLE_NS_ASSERTIONS = NO;
				ENABLE_STRICT_OBJC_MSGSEND = YES;
				GCC_C_LANGUAGE_STANDARD = gnu11;
				GCC_NO_COMMON_BLOCKS = YES;
				GCC_WARN_64_TO_32_BIT_CONVERSION = YES;
				GCC_WARN_ABOUT_RETURN_TYPE = YES_ERROR;
				GCC_WARN_UNDECLARED_SELECTOR = YES;
				GCC_WARN_UNINITIALIZED_AUTOS = YES_AGGRESSIVE;
				GCC_WARN_UNUSED_FUNCTION = YES;
				GCC_WARN_UNUSED_VARIABLE = YES;
				IPHONEOS_DEPLOYMENT_TARGET = 16.2;
				MTL_ENABLE_DEBUG_INFO = NO;
				MTL_FAST_MATH = YES;
				SDKROOT = iphoneos;
				SWIFT_COMPILATION_MODE = wholemodule;
				SWIFT_OPTIMIZATION_LEVEL = "-O";
				VALIDATE_PRODUCT = YES;
			};
			name = Release;
		};
		6391DEDE296D52F7006BBBA1 /* Debug */ = {
			isa = XCBuildConfiguration;
			buildSettings = {
				ASSETCATALOG_COMPILER_APPICON_NAME = AppIcon;
				ASSETCATALOG_COMPILER_GLOBAL_ACCENT_COLOR_NAME = AccentColor;
				CODE_SIGN_STYLE = Automatic;
				CURRENT_PROJECT_VERSION = 1;
				DEVELOPMENT_ASSET_PATHS = "\"MapApp/Preview Content\"";
				DEVELOPMENT_TEAM = "";
				ENABLE_PREVIEWS = YES;
				GENERATE_INFOPLIST_FILE = YES;
				INFOPLIST_KEY_LSApplicationCategoryType = "";
				INFOPLIST_KEY_NSLocationWhenInUseUsageDescription = "grant location data";
				INFOPLIST_KEY_UIApplicationSceneManifest_Generation = YES;
				INFOPLIST_KEY_UIApplicationSupportsIndirectInputEvents = YES;
				INFOPLIST_KEY_UILaunchScreen_Generation = YES;
				INFOPLIST_KEY_UISupportedInterfaceOrientations_iPad = "UIInterfaceOrientationPortrait UIInterfaceOrientationPortraitUpsideDown UIInterfaceOrientationLandscapeLeft UIInterfaceOrientationLandscapeRight";
				INFOPLIST_KEY_UISupportedInterfaceOrientations_iPhone = "UIInterfaceOrientationPortrait UIInterfaceOrientationLandscapeLeft UIInterfaceOrientationLandscapeRight";
				LD_RUNPATH_SEARCH_PATHS = (
					"$(inherited)",
					"@executable_path/Frameworks",
				);
				MARKETING_VERSION = 1.0;
				PRODUCT_BUNDLE_IDENTIFIER = com.example.MapAppSkal;
				PRODUCT_NAME = "$(TARGET_NAME)";
				SWIFT_EMIT_LOC_STRINGS = YES;
				SWIFT_VERSION = 5.0;
				TARGETED_DEVICE_FAMILY = "1,2";
			};
			name = Debug;
		};
		6391DEDF296D52F7006BBBA1 /* Release */ = {
			isa = XCBuildConfiguration;
			buildSettings = {
				ASSETCATALOG_COMPILER_APPICON_NAME = AppIcon;
				ASSETCATALOG_COMPILER_GLOBAL_ACCENT_COLOR_NAME = AccentColor;
				CODE_SIGN_STYLE = Automatic;
				CURRENT_PROJECT_VERSION = 1;
				DEVELOPMENT_ASSET_PATHS = "\"MapApp/Preview Content\"";
				DEVELOPMENT_TEAM = "";
				ENABLE_PREVIEWS = YES;
				GENERATE_INFOPLIST_FILE = YES;
				INFOPLIST_KEY_LSApplicationCategoryType = "";
				INFOPLIST_KEY_NSLocationWhenInUseUsageDescription = "grant location data";
				INFOPLIST_KEY_UIApplicationSceneManifest_Generation = YES;
				INFOPLIST_KEY_UIApplicationSupportsIndirectInputEvents = YES;
				INFOPLIST_KEY_UILaunchScreen_Generation = YES;
				INFOPLIST_KEY_UISupportedInterfaceOrientations_iPad = "UIInterfaceOrientationPortrait UIInterfaceOrientationPortraitUpsideDown UIInterfaceOrientationLandscapeLeft UIInterfaceOrientationLandscapeRight";
				INFOPLIST_KEY_UISupportedInterfaceOrientations_iPhone = "UIInterfaceOrientationPortrait UIInterfaceOrientationLandscapeLeft UIInterfaceOrientationLandscapeRight";
				LD_RUNPATH_SEARCH_PATHS = (
					"$(inherited)",
					"@executable_path/Frameworks",
				);
				MARKETING_VERSION = 1.0;
				PRODUCT_BUNDLE_IDENTIFIER = com.example.MapAppSkal;
				PRODUCT_NAME = "$(TARGET_NAME)";
				SWIFT_EMIT_LOC_STRINGS = YES;
				SWIFT_VERSION = 5.0;
				TARGETED_DEVICE_FAMILY = "1,2";
			};
			name = Release;
		};
		6391DEE1296D52F7006BBBA1 /* Debug */ = {
			isa = XCBuildConfiguration;
			buildSettings = {
				ALWAYS_EMBED_SWIFT_STANDARD_LIBRARIES = YES;
				BUNDLE_LOADER = "$(TEST_HOST)";
				CODE_SIGN_STYLE = Automatic;
				CURRENT_PROJECT_VERSION = 1;
				DEVELOPMENT_TEAM = GYVUGUT77Q;
				GENERATE_INFOPLIST_FILE = YES;
				IPHONEOS_DEPLOYMENT_TARGET = 16.2;
				MARKETING_VERSION = 1.0;
				PRODUCT_BUNDLE_IDENTIFIER = com.example.MapAppTests;
				PRODUCT_NAME = "$(TARGET_NAME)";
				SWIFT_EMIT_LOC_STRINGS = NO;
				SWIFT_VERSION = 5.0;
				TARGETED_DEVICE_FAMILY = "1,2";
				TEST_HOST = "$(BUILT_PRODUCTS_DIR)/MapApp.app/$(BUNDLE_EXECUTABLE_FOLDER_PATH)/MapApp";
			};
			name = Debug;
		};
		6391DEE2296D52F7006BBBA1 /* Release */ = {
			isa = XCBuildConfiguration;
			buildSettings = {
				ALWAYS_EMBED_SWIFT_STANDARD_LIBRARIES = YES;
				BUNDLE_LOADER = "$(TEST_HOST)";
				CODE_SIGN_STYLE = Automatic;
				CURRENT_PROJECT_VERSION = 1;
				DEVELOPMENT_TEAM = GYVUGUT77Q;
				GENERATE_INFOPLIST_FILE = YES;
				IPHONEOS_DEPLOYMENT_TARGET = 16.2;
				MARKETING_VERSION = 1.0;
				PRODUCT_BUNDLE_IDENTIFIER = com.example.MapAppTests;
				PRODUCT_NAME = "$(TARGET_NAME)";
				SWIFT_EMIT_LOC_STRINGS = NO;
				SWIFT_VERSION = 5.0;
				TARGETED_DEVICE_FAMILY = "1,2";
				TEST_HOST = "$(BUILT_PRODUCTS_DIR)/MapApp.app/$(BUNDLE_EXECUTABLE_FOLDER_PATH)/MapApp";
			};
			name = Release;
		};
		6391DEE4296D52F7006BBBA1 /* Debug */ = {
			isa = XCBuildConfiguration;
			buildSettings = {
				ALWAYS_EMBED_SWIFT_STANDARD_LIBRARIES = YES;
				CODE_SIGN_STYLE = Automatic;
				CURRENT_PROJECT_VERSION = 1;
				DEVELOPMENT_TEAM = GYVUGUT77Q;
				GENERATE_INFOPLIST_FILE = YES;
				MARKETING_VERSION = 1.0;
				PRODUCT_BUNDLE_IDENTIFIER = com.example.MapAppUITests;
				PRODUCT_NAME = "$(TARGET_NAME)";
				SWIFT_EMIT_LOC_STRINGS = NO;
				SWIFT_VERSION = 5.0;
				TARGETED_DEVICE_FAMILY = "1,2";
				TEST_TARGET_NAME = MapApp;
			};
			name = Debug;
		};
		6391DEE5296D52F7006BBBA1 /* Release */ = {
			isa = XCBuildConfiguration;
			buildSettings = {
				ALWAYS_EMBED_SWIFT_STANDARD_LIBRARIES = YES;
				CODE_SIGN_STYLE = Automatic;
				CURRENT_PROJECT_VERSION = 1;
				DEVELOPMENT_TEAM = GYVUGUT77Q;
				GENERATE_INFOPLIST_FILE = YES;
				MARKETING_VERSION = 1.0;
				PRODUCT_BUNDLE_IDENTIFIER = com.example.MapAppUITests;
				PRODUCT_NAME = "$(TARGET_NAME)";
				SWIFT_EMIT_LOC_STRINGS = NO;
				SWIFT_VERSION = 5.0;
				TARGETED_DEVICE_FAMILY = "1,2";
				TEST_TARGET_NAME = MapApp;
			};
			name = Release;
		};
/* End XCBuildConfiguration section */

/* Begin XCConfigurationList section */
		6391DEB4296D52F6006BBBA1 /* Build configuration list for PBXProject "MapApp" */ = {
			isa = XCConfigurationList;
			buildConfigurations = (
				6391DEDB296D52F7006BBBA1 /* Debug */,
				6391DEDC296D52F7006BBBA1 /* Release */,
			);
			defaultConfigurationIsVisible = 0;
			defaultConfigurationName = Release;
		};
		6391DEDD296D52F7006BBBA1 /* Build configuration list for PBXNativeTarget "MapApp" */ = {
			isa = XCConfigurationList;
			buildConfigurations = (
				6391DEDE296D52F7006BBBA1 /* Debug */,
				6391DEDF296D52F7006BBBA1 /* Release */,
			);
			defaultConfigurationIsVisible = 0;
			defaultConfigurationName = Release;
		};
		6391DEE0296D52F7006BBBA1 /* Build configuration list for PBXNativeTarget "MapAppTests" */ = {
			isa = XCConfigurationList;
			buildConfigurations = (
				6391DEE1296D52F7006BBBA1 /* Debug */,
				6391DEE2296D52F7006BBBA1 /* Release */,
			);
			defaultConfigurationIsVisible = 0;
			defaultConfigurationName = Release;
		};
		6391DEE3296D52F7006BBBA1 /* Build configuration list for PBXNativeTarget "MapAppUITests" */ = {
			isa = XCConfigurationList;
			buildConfigurations = (
				6391DEE4296D52F7006BBBA1 /* Debug */,
				6391DEE5296D52F7006BBBA1 /* Release */,
			);
			defaultConfigurationIsVisible = 0;
			defaultConfigurationName = Release;
		};
/* End XCConfigurationList section */
	};
	rootObject = 6391DEB1296D52F6006BBBA1 /* Project object */;
}
